// !$*UTF8*$!
{
	archiveVersion = 1;
	classes = {
	};
	objectVersion = 46;
	objects = {

/* Begin PBXBuildFile section */
		60C4998F8D1888BE48F0C60A /* Pods_ReuseableSwift3.framework in Frameworks */ = {isa = PBXBuildFile; fileRef = F8089B58F3DAAB2ADBE0123E /* Pods_ReuseableSwift3.framework */; };
		7FBC3C5A206A0D7B4CD9B358 /* Pods_ReuseableSwift3UITests.framework in Frameworks */ = {isa = PBXBuildFile; fileRef = 73E77AA87835153501F2DDA6 /* Pods_ReuseableSwift3UITests.framework */; };
		CB8C93BD1E2E76C000A181F1 /* AppDelegate.swift in Sources */ = {isa = PBXBuildFile; fileRef = CB8C93BC1E2E76C000A181F1 /* AppDelegate.swift */; };
		CB8C93BF1E2E76C000A181F1 /* ViewController.swift in Sources */ = {isa = PBXBuildFile; fileRef = CB8C93BE1E2E76C000A181F1 /* ViewController.swift */; };
		CB8C93C21E2E76C000A181F1 /* Main.storyboard in Resources */ = {isa = PBXBuildFile; fileRef = CB8C93C01E2E76C000A181F1 /* Main.storyboard */; };
		CB8C93C51E2E76C000A181F1 /* ReuseableSwift3.xcdatamodeld in Sources */ = {isa = PBXBuildFile; fileRef = CB8C93C31E2E76C000A181F1 /* ReuseableSwift3.xcdatamodeld */; };
		CB8C93C71E2E76C000A181F1 /* Assets.xcassets in Resources */ = {isa = PBXBuildFile; fileRef = CB8C93C61E2E76C000A181F1 /* Assets.xcassets */; };
		CB8C93CA1E2E76C000A181F1 /* LaunchScreen.storyboard in Resources */ = {isa = PBXBuildFile; fileRef = CB8C93C81E2E76C000A181F1 /* LaunchScreen.storyboard */; };
		CB8C93D51E2E76C000A181F1 /* ReuseableSwift3Tests.swift in Sources */ = {isa = PBXBuildFile; fileRef = CB8C93D41E2E76C000A181F1 /* ReuseableSwift3Tests.swift */; };
		CB8C93E01E2E76C000A181F1 /* ReuseableSwift3UITests.swift in Sources */ = {isa = PBXBuildFile; fileRef = CB8C93DF1E2E76C000A181F1 /* ReuseableSwift3UITests.swift */; };
		E47459FB3E31F9D85189383C /* Pods_ReuseableSwift3Tests.framework in Frameworks */ = {isa = PBXBuildFile; fileRef = 3E498BDB98D70AB2C1A58DDF /* Pods_ReuseableSwift3Tests.framework */; };
/* End PBXBuildFile section */

/* Begin PBXContainerItemProxy section */
		CB8C93D11E2E76C000A181F1 /* PBXContainerItemProxy */ = {
			isa = PBXContainerItemProxy;
			containerPortal = CB8C93B11E2E76C000A181F1 /* Project object */;
			proxyType = 1;
			remoteGlobalIDString = CB8C93B81E2E76C000A181F1;
			remoteInfo = ReuseableSwift3;
		};
		CB8C93DC1E2E76C000A181F1 /* PBXContainerItemProxy */ = {
			isa = PBXContainerItemProxy;
			containerPortal = CB8C93B11E2E76C000A181F1 /* Project object */;
			proxyType = 1;
			remoteGlobalIDString = CB8C93B81E2E76C000A181F1;
			remoteInfo = ReuseableSwift3;
		};
/* End PBXContainerItemProxy section */

/* Begin PBXFileReference section */
		1F1086E60A8B033820C4F238 /* Pods-ReuseableSwift3UITests.debug.xcconfig */ = {isa = PBXFileReference; includeInIndex = 1; lastKnownFileType = text.xcconfig; name = "Pods-ReuseableSwift3UITests.debug.xcconfig"; path = "Pods/Target Support Files/Pods-ReuseableSwift3UITests/Pods-ReuseableSwift3UITests.debug.xcconfig"; sourceTree = "<group>"; };
		349364557510893A911A8C91 /* Pods-ReuseableSwift3Tests.debug.xcconfig */ = {isa = PBXFileReference; includeInIndex = 1; lastKnownFileType = text.xcconfig; name = "Pods-ReuseableSwift3Tests.debug.xcconfig"; path = "Pods/Target Support Files/Pods-ReuseableSwift3Tests/Pods-ReuseableSwift3Tests.debug.xcconfig"; sourceTree = "<group>"; };
		3E498BDB98D70AB2C1A58DDF /* Pods_ReuseableSwift3Tests.framework */ = {isa = PBXFileReference; explicitFileType = wrapper.framework; includeInIndex = 0; path = Pods_ReuseableSwift3Tests.framework; sourceTree = BUILT_PRODUCTS_DIR; };
		66A6318CC3E5C572E1CB2C91 /* Pods-ReuseableSwift3.release.xcconfig */ = {isa = PBXFileReference; includeInIndex = 1; lastKnownFileType = text.xcconfig; name = "Pods-ReuseableSwift3.release.xcconfig"; path = "Pods/Target Support Files/Pods-ReuseableSwift3/Pods-ReuseableSwift3.release.xcconfig"; sourceTree = "<group>"; };
		73E77AA87835153501F2DDA6 /* Pods_ReuseableSwift3UITests.framework */ = {isa = PBXFileReference; explicitFileType = wrapper.framework; includeInIndex = 0; path = Pods_ReuseableSwift3UITests.framework; sourceTree = BUILT_PRODUCTS_DIR; };
		BA48FDB3373B1F6899BED01B /* Pods-ReuseableSwift3UITests.release.xcconfig */ = {isa = PBXFileReference; includeInIndex = 1; lastKnownFileType = text.xcconfig; name = "Pods-ReuseableSwift3UITests.release.xcconfig"; path = "Pods/Target Support Files/Pods-ReuseableSwift3UITests/Pods-ReuseableSwift3UITests.release.xcconfig"; sourceTree = "<group>"; };
		CB8C93B91E2E76C000A181F1 /* ReuseableSwift3.app */ = {isa = PBXFileReference; explicitFileType = wrapper.application; includeInIndex = 0; path = ReuseableSwift3.app; sourceTree = BUILT_PRODUCTS_DIR; };
		CB8C93BC1E2E76C000A181F1 /* AppDelegate.swift */ = {isa = PBXFileReference; lastKnownFileType = sourcecode.swift; path = AppDelegate.swift; sourceTree = "<group>"; };
		CB8C93BE1E2E76C000A181F1 /* ViewController.swift */ = {isa = PBXFileReference; lastKnownFileType = sourcecode.swift; path = ViewController.swift; sourceTree = "<group>"; };
		CB8C93C11E2E76C000A181F1 /* Base */ = {isa = PBXFileReference; lastKnownFileType = file.storyboard; name = Base; path = Base.lproj/Main.storyboard; sourceTree = "<group>"; };
		CB8C93C41E2E76C000A181F1 /* ReuseableSwift3.xcdatamodel */ = {isa = PBXFileReference; lastKnownFileType = wrapper.xcdatamodel; path = ReuseableSwift3.xcdatamodel; sourceTree = "<group>"; };
		CB8C93C61E2E76C000A181F1 /* Assets.xcassets */ = {isa = PBXFileReference; lastKnownFileType = folder.assetcatalog; path = Assets.xcassets; sourceTree = "<group>"; };
		CB8C93C91E2E76C000A181F1 /* Base */ = {isa = PBXFileReference; lastKnownFileType = file.storyboard; name = Base; path = Base.lproj/LaunchScreen.storyboard; sourceTree = "<group>"; };
		CB8C93CB1E2E76C000A181F1 /* Info.plist */ = {isa = PBXFileReference; lastKnownFileType = text.plist.xml; path = Info.plist; sourceTree = "<group>"; };
		CB8C93D01E2E76C000A181F1 /* ReuseableSwift3Tests.xctest */ = {isa = PBXFileReference; explicitFileType = wrapper.cfbundle; includeInIndex = 0; path = ReuseableSwift3Tests.xctest; sourceTree = BUILT_PRODUCTS_DIR; };
		CB8C93D41E2E76C000A181F1 /* ReuseableSwift3Tests.swift */ = {isa = PBXFileReference; lastKnownFileType = sourcecode.swift; path = ReuseableSwift3Tests.swift; sourceTree = "<group>"; };
		CB8C93D61E2E76C000A181F1 /* Info.plist */ = {isa = PBXFileReference; lastKnownFileType = text.plist.xml; path = Info.plist; sourceTree = "<group>"; };
		CB8C93DB1E2E76C000A181F1 /* ReuseableSwift3UITests.xctest */ = {isa = PBXFileReference; explicitFileType = wrapper.cfbundle; includeInIndex = 0; path = ReuseableSwift3UITests.xctest; sourceTree = BUILT_PRODUCTS_DIR; };
		CB8C93DF1E2E76C000A181F1 /* ReuseableSwift3UITests.swift */ = {isa = PBXFileReference; lastKnownFileType = sourcecode.swift; path = ReuseableSwift3UITests.swift; sourceTree = "<group>"; };
		CB8C93E11E2E76C000A181F1 /* Info.plist */ = {isa = PBXFileReference; lastKnownFileType = text.plist.xml; path = Info.plist; sourceTree = "<group>"; };
		DD2AD0DA6F37FA06BC803EDC /* Pods-ReuseableSwift3.debug.xcconfig */ = {isa = PBXFileReference; includeInIndex = 1; lastKnownFileType = text.xcconfig; name = "Pods-ReuseableSwift3.debug.xcconfig"; path = "Pods/Target Support Files/Pods-ReuseableSwift3/Pods-ReuseableSwift3.debug.xcconfig"; sourceTree = "<group>"; };
		DD3B793F40AA9B84AFB02BFF /* Pods-ReuseableSwift3Tests.release.xcconfig */ = {isa = PBXFileReference; includeInIndex = 1; lastKnownFileType = text.xcconfig; name = "Pods-ReuseableSwift3Tests.release.xcconfig"; path = "Pods/Target Support Files/Pods-ReuseableSwift3Tests/Pods-ReuseableSwift3Tests.release.xcconfig"; sourceTree = "<group>"; };
		F8089B58F3DAAB2ADBE0123E /* Pods_ReuseableSwift3.framework */ = {isa = PBXFileReference; explicitFileType = wrapper.framework; includeInIndex = 0; path = Pods_ReuseableSwift3.framework; sourceTree = BUILT_PRODUCTS_DIR; };
/* End PBXFileReference section */

/* Begin PBXFrameworksBuildPhase section */
		CB8C93B61E2E76C000A181F1 /* Frameworks */ = {
			isa = PBXFrameworksBuildPhase;
			buildActionMask = 2147483647;
			files = (
				60C4998F8D1888BE48F0C60A /* Pods_ReuseableSwift3.framework in Frameworks */,
			);
			runOnlyForDeploymentPostprocessing = 0;
		};
		CB8C93CD1E2E76C000A181F1 /* Frameworks */ = {
			isa = PBXFrameworksBuildPhase;
			buildActionMask = 2147483647;
			files = (
				E47459FB3E31F9D85189383C /* Pods_ReuseableSwift3Tests.framework in Frameworks */,
			);
			runOnlyForDeploymentPostprocessing = 0;
		};
		CB8C93D81E2E76C000A181F1 /* Frameworks */ = {
			isa = PBXFrameworksBuildPhase;
			buildActionMask = 2147483647;
			files = (
				7FBC3C5A206A0D7B4CD9B358 /* Pods_ReuseableSwift3UITests.framework in Frameworks */,
			);
			runOnlyForDeploymentPostprocessing = 0;
		};
/* End PBXFrameworksBuildPhase section */

/* Begin PBXGroup section */
		7B3B118EA4635290141BE086 /* Frameworks */ = {
			isa = PBXGroup;
			children = (
				F8089B58F3DAAB2ADBE0123E /* Pods_ReuseableSwift3.framework */,
				3E498BDB98D70AB2C1A58DDF /* Pods_ReuseableSwift3Tests.framework */,
				73E77AA87835153501F2DDA6 /* Pods_ReuseableSwift3UITests.framework */,
			);
			name = Frameworks;
			sourceTree = "<group>";
		};
		B125D5211DAD6551E1AC2B96 /* Pods */ = {
			isa = PBXGroup;
			children = (
				DD2AD0DA6F37FA06BC803EDC /* Pods-ReuseableSwift3.debug.xcconfig */,
				66A6318CC3E5C572E1CB2C91 /* Pods-ReuseableSwift3.release.xcconfig */,
				349364557510893A911A8C91 /* Pods-ReuseableSwift3Tests.debug.xcconfig */,
				DD3B793F40AA9B84AFB02BFF /* Pods-ReuseableSwift3Tests.release.xcconfig */,
				1F1086E60A8B033820C4F238 /* Pods-ReuseableSwift3UITests.debug.xcconfig */,
				BA48FDB3373B1F6899BED01B /* Pods-ReuseableSwift3UITests.release.xcconfig */,
			);
			name = Pods;
			sourceTree = "<group>";
		};
		CB8C93B01E2E76C000A181F1 = {
			isa = PBXGroup;
			children = (
				CB8C93BB1E2E76C000A181F1 /* ReuseableSwift3 */,
				CB8C93D31E2E76C000A181F1 /* ReuseableSwift3Tests */,
				CB8C93DE1E2E76C000A181F1 /* ReuseableSwift3UITests */,
				CB8C93BA1E2E76C000A181F1 /* Products */,
				B125D5211DAD6551E1AC2B96 /* Pods */,
				7B3B118EA4635290141BE086 /* Frameworks */,
			);
			sourceTree = "<group>";
		};
		CB8C93BA1E2E76C000A181F1 /* Products */ = {
			isa = PBXGroup;
			children = (
				CB8C93B91E2E76C000A181F1 /* ReuseableSwift3.app */,
				CB8C93D01E2E76C000A181F1 /* ReuseableSwift3Tests.xctest */,
				CB8C93DB1E2E76C000A181F1 /* ReuseableSwift3UITests.xctest */,
			);
			name = Products;
			sourceTree = "<group>";
		};
		CB8C93BB1E2E76C000A181F1 /* ReuseableSwift3 */ = {
			isa = PBXGroup;
			children = (
				CB8C93BC1E2E76C000A181F1 /* AppDelegate.swift */,
				CB8C93BE1E2E76C000A181F1 /* ViewController.swift */,
				CB8C93C01E2E76C000A181F1 /* Main.storyboard */,
				CB8C93C61E2E76C000A181F1 /* Assets.xcassets */,
				CB8C93C81E2E76C000A181F1 /* LaunchScreen.storyboard */,
				CB8C93CB1E2E76C000A181F1 /* Info.plist */,
				CB8C93C31E2E76C000A181F1 /* ReuseableSwift3.xcdatamodeld */,
			);
			path = ReuseableSwift3;
			sourceTree = "<group>";
		};
		CB8C93D31E2E76C000A181F1 /* ReuseableSwift3Tests */ = {
			isa = PBXGroup;
			children = (
				CB8C93D41E2E76C000A181F1 /* ReuseableSwift3Tests.swift */,
				CB8C93D61E2E76C000A181F1 /* Info.plist */,
			);
			path = ReuseableSwift3Tests;
			sourceTree = "<group>";
		};
		CB8C93DE1E2E76C000A181F1 /* ReuseableSwift3UITests */ = {
			isa = PBXGroup;
			children = (
				CB8C93DF1E2E76C000A181F1 /* ReuseableSwift3UITests.swift */,
				CB8C93E11E2E76C000A181F1 /* Info.plist */,
			);
			path = ReuseableSwift3UITests;
			sourceTree = "<group>";
		};
/* End PBXGroup section */

/* Begin PBXNativeTarget section */
		CB8C93B81E2E76C000A181F1 /* ReuseableSwift3 */ = {
			isa = PBXNativeTarget;
			buildConfigurationList = CB8C93E41E2E76C000A181F1 /* Build configuration list for PBXNativeTarget "ReuseableSwift3" */;
			buildPhases = (
				226A50E51F13739454CCEF80 /* [CP] Check Pods Manifest.lock */,
				CB8C93B51E2E76C000A181F1 /* Sources */,
				CB8C93B61E2E76C000A181F1 /* Frameworks */,
				CB8C93B71E2E76C000A181F1 /* Resources */,
				0D2167B8EE057CD60C74E5B7 /* [CP] Embed Pods Frameworks */,
				B23FDEA05948D8851E57A5C8 /* [CP] Copy Pods Resources */,
			);
			buildRules = (
			);
			dependencies = (
			);
			name = ReuseableSwift3;
			productName = ReuseableSwift3;
			productReference = CB8C93B91E2E76C000A181F1 /* ReuseableSwift3.app */;
			productType = "com.apple.product-type.application";
		};
		CB8C93CF1E2E76C000A181F1 /* ReuseableSwift3Tests */ = {
			isa = PBXNativeTarget;
			buildConfigurationList = CB8C93E71E2E76C000A181F1 /* Build configuration list for PBXNativeTarget "ReuseableSwift3Tests" */;
			buildPhases = (
				88F48F15E38F7BF746BE7766 /* [CP] Check Pods Manifest.lock */,
				CB8C93CC1E2E76C000A181F1 /* Sources */,
				CB8C93CD1E2E76C000A181F1 /* Frameworks */,
				CB8C93CE1E2E76C000A181F1 /* Resources */,
				0FDBC92B7505A15A46CEEC1D /* [CP] Embed Pods Frameworks */,
				E724C352840B6E33EACD7314 /* [CP] Copy Pods Resources */,
			);
			buildRules = (
			);
			dependencies = (
				CB8C93D21E2E76C000A181F1 /* PBXTargetDependency */,
			);
			name = ReuseableSwift3Tests;
			productName = ReuseableSwift3Tests;
			productReference = CB8C93D01E2E76C000A181F1 /* ReuseableSwift3Tests.xctest */;
			productType = "com.apple.product-type.bundle.unit-test";
		};
		CB8C93DA1E2E76C000A181F1 /* ReuseableSwift3UITests */ = {
			isa = PBXNativeTarget;
			buildConfigurationList = CB8C93EA1E2E76C000A181F1 /* Build configuration list for PBXNativeTarget "ReuseableSwift3UITests" */;
			buildPhases = (
				213D65609F8303A419549437 /* [CP] Check Pods Manifest.lock */,
				CB8C93D71E2E76C000A181F1 /* Sources */,
				CB8C93D81E2E76C000A181F1 /* Frameworks */,
				CB8C93D91E2E76C000A181F1 /* Resources */,
				C7A97F62AA5A4756A9AD195F /* [CP] Embed Pods Frameworks */,
				7A1BF25018AAE1263381F7D5 /* [CP] Copy Pods Resources */,
			);
			buildRules = (
			);
			dependencies = (
				CB8C93DD1E2E76C000A181F1 /* PBXTargetDependency */,
			);
			name = ReuseableSwift3UITests;
			productName = ReuseableSwift3UITests;
			productReference = CB8C93DB1E2E76C000A181F1 /* ReuseableSwift3UITests.xctest */;
			productType = "com.apple.product-type.bundle.ui-testing";
		};
/* End PBXNativeTarget section */

/* Begin PBXProject section */
		CB8C93B11E2E76C000A181F1 /* Project object */ = {
			isa = PBXProject;
			attributes = {
				LastSwiftUpdateCheck = 0810;
				LastUpgradeCheck = 0810;
				ORGANIZATIONNAME = Tho;
				TargetAttributes = {
					CB8C93B81E2E76C000A181F1 = {
						CreatedOnToolsVersion = 8.1;
						DevelopmentTeam = J3Q6NXR57K;
						ProvisioningStyle = Automatic;
					};
					CB8C93CF1E2E76C000A181F1 = {
						CreatedOnToolsVersion = 8.1;
						DevelopmentTeam = J3Q6NXR57K;
						ProvisioningStyle = Automatic;
						TestTargetID = CB8C93B81E2E76C000A181F1;
					};
					CB8C93DA1E2E76C000A181F1 = {
						CreatedOnToolsVersion = 8.1;
						DevelopmentTeam = J3Q6NXR57K;
						ProvisioningStyle = Automatic;
						TestTargetID = CB8C93B81E2E76C000A181F1;
					};
				};
			};
			buildConfigurationList = CB8C93B41E2E76C000A181F1 /* Build configuration list for PBXProject "ReuseableSwift3" */;
			compatibilityVersion = "Xcode 3.2";
			developmentRegion = English;
			hasScannedForEncodings = 0;
			knownRegions = (
				en,
				Base,
			);
			mainGroup = CB8C93B01E2E76C000A181F1;
			productRefGroup = CB8C93BA1E2E76C000A181F1 /* Products */;
			projectDirPath = "";
			projectRoot = "";
			targets = (
				CB8C93B81E2E76C000A181F1 /* ReuseableSwift3 */,
				CB8C93CF1E2E76C000A181F1 /* ReuseableSwift3Tests */,
				CB8C93DA1E2E76C000A181F1 /* ReuseableSwift3UITests */,
			);
		};
/* End PBXProject section */

/* Begin PBXResourcesBuildPhase section */
		CB8C93B71E2E76C000A181F1 /* Resources */ = {
			isa = PBXResourcesBuildPhase;
			buildActionMask = 2147483647;
			files = (
				CB8C93CA1E2E76C000A181F1 /* LaunchScreen.storyboard in Resources */,
				CB8C93C71E2E76C000A181F1 /* Assets.xcassets in Resources */,
				CB8C93C21E2E76C000A181F1 /* Main.storyboard in Resources */,
			);
			runOnlyForDeploymentPostprocessing = 0;
		};
		CB8C93CE1E2E76C000A181F1 /* Resources */ = {
			isa = PBXResourcesBuildPhase;
			buildActionMask = 2147483647;
			files = (
			);
			runOnlyForDeploymentPostprocessing = 0;
		};
		CB8C93D91E2E76C000A181F1 /* Resources */ = {
			isa = PBXResourcesBuildPhase;
			buildActionMask = 2147483647;
			files = (
			);
			runOnlyForDeploymentPostprocessing = 0;
		};
/* End PBXResourcesBuildPhase section */

/* Begin PBXShellScriptBuildPhase section */
		0D2167B8EE057CD60C74E5B7 /* [CP] Embed Pods Frameworks */ = {
			isa = PBXShellScriptBuildPhase;
			buildActionMask = 2147483647;
			files = (
			);
			inputPaths = (
			);
			name = "[CP] Embed Pods Frameworks";
			outputPaths = (
			);
			runOnlyForDeploymentPostprocessing = 0;
			shellPath = /bin/sh;
			shellScript = "\"${SRCROOT}/Pods/Target Support Files/Pods-ReuseableSwift3/Pods-ReuseableSwift3-frameworks.sh\"\n";
			showEnvVarsInLog = 0;
		};
		0FDBC92B7505A15A46CEEC1D /* [CP] Embed Pods Frameworks */ = {
			isa = PBXShellScriptBuildPhase;
			buildActionMask = 2147483647;
			files = (
			);
			inputPaths = (
			);
			name = "[CP] Embed Pods Frameworks";
			outputPaths = (
			);
			runOnlyForDeploymentPostprocessing = 0;
			shellPath = /bin/sh;
			shellScript = "\"${SRCROOT}/Pods/Target Support Files/Pods-ReuseableSwift3Tests/Pods-ReuseableSwift3Tests-frameworks.sh\"\n";
			showEnvVarsInLog = 0;
		};
		213D65609F8303A419549437 /* [CP] Check Pods Manifest.lock */ = {
			isa = PBXShellScriptBuildPhase;
			buildActionMask = 2147483647;
			files = (
			);
			inputPaths = (
			);
			name = "[CP] Check Pods Manifest.lock";
			outputPaths = (
			);
			runOnlyForDeploymentPostprocessing = 0;
			shellPath = /bin/sh;
			shellScript = "diff \"${PODS_ROOT}/../Podfile.lock\" \"${PODS_ROOT}/Manifest.lock\" > /dev/null\nif [ $? != 0 ] ; then\n    # print error to STDERR\n    echo \"error: The sandbox is not in sync with the Podfile.lock. Run 'pod install' or update your CocoaPods installation.\" >&2\n    exit 1\nfi\n";
			showEnvVarsInLog = 0;
		};
		226A50E51F13739454CCEF80 /* [CP] Check Pods Manifest.lock */ = {
			isa = PBXShellScriptBuildPhase;
			buildActionMask = 2147483647;
			files = (
			);
			inputPaths = (
			);
			name = "[CP] Check Pods Manifest.lock";
			outputPaths = (
			);
			runOnlyForDeploymentPostprocessing = 0;
			shellPath = /bin/sh;
			shellScript = "diff \"${PODS_ROOT}/../Podfile.lock\" \"${PODS_ROOT}/Manifest.lock\" > /dev/null\nif [ $? != 0 ] ; then\n    # print error to STDERR\n    echo \"error: The sandbox is not in sync with the Podfile.lock. Run 'pod install' or update your CocoaPods installation.\" >&2\n    exit 1\nfi\n";
			showEnvVarsInLog = 0;
		};
		7A1BF25018AAE1263381F7D5 /* [CP] Copy Pods Resources */ = {
			isa = PBXShellScriptBuildPhase;
			buildActionMask = 2147483647;
			files = (
			);
			inputPaths = (
			);
			name = "[CP] Copy Pods Resources";
			outputPaths = (
			);
			runOnlyForDeploymentPostprocessing = 0;
			shellPath = /bin/sh;
			shellScript = "\"${SRCROOT}/Pods/Target Support Files/Pods-ReuseableSwift3UITests/Pods-ReuseableSwift3UITests-resources.sh\"\n";
			showEnvVarsInLog = 0;
		};
		88F48F15E38F7BF746BE7766 /* [CP] Check Pods Manifest.lock */ = {
			isa = PBXShellScriptBuildPhase;
			buildActionMask = 2147483647;
			files = (
			);
			inputPaths = (
			);
			name = "[CP] Check Pods Manifest.lock";
			outputPaths = (
			);
			runOnlyForDeploymentPostprocessing = 0;
			shellPath = /bin/sh;
			shellScript = "diff \"${PODS_ROOT}/../Podfile.lock\" \"${PODS_ROOT}/Manifest.lock\" > /dev/null\nif [ $? != 0 ] ; then\n    # print error to STDERR\n    echo \"error: The sandbox is not in sync with the Podfile.lock. Run 'pod install' or update your CocoaPods installation.\" >&2\n    exit 1\nfi\n";
			showEnvVarsInLog = 0;
		};
		B23FDEA05948D8851E57A5C8 /* [CP] Copy Pods Resources */ = {
			isa = PBXShellScriptBuildPhase;
			buildActionMask = 2147483647;
			files = (
			);
			inputPaths = (
			);
			name = "[CP] Copy Pods Resources";
			outputPaths = (
			);
			runOnlyForDeploymentPostprocessing = 0;
			shellPath = /bin/sh;
			shellScript = "\"${SRCROOT}/Pods/Target Support Files/Pods-ReuseableSwift3/Pods-ReuseableSwift3-resources.sh\"\n";
			showEnvVarsInLog = 0;
		};
		C7A97F62AA5A4756A9AD195F /* [CP] Embed Pods Frameworks */ = {
			isa = PBXShellScriptBuildPhase;
			buildActionMask = 2147483647;
			files = (
			);
			inputPaths = (
			);
			name = "[CP] Embed Pods Frameworks";
			outputPaths = (
			);
			runOnlyForDeploymentPostprocessing = 0;
			shellPath = /bin/sh;
			shellScript = "\"${SRCROOT}/Pods/Target Support Files/Pods-ReuseableSwift3UITests/Pods-ReuseableSwift3UITests-frameworks.sh\"\n";
			showEnvVarsInLog = 0;
		};
		E724C352840B6E33EACD7314 /* [CP] Copy Pods Resources */ = {
			isa = PBXShellScriptBuildPhase;
			buildActionMask = 2147483647;
			files = (
			);
			inputPaths = (
			);
			name = "[CP] Copy Pods Resources";
			outputPaths = (
			);
			runOnlyForDeploymentPostprocessing = 0;
			shellPath = /bin/sh;
			shellScript = "\"${SRCROOT}/Pods/Target Support Files/Pods-ReuseableSwift3Tests/Pods-ReuseableSwift3Tests-resources.sh\"\n";
			showEnvVarsInLog = 0;
		};
/* End PBXShellScriptBuildPhase section */

/* Begin PBXSourcesBuildPhase section */
		CB8C93B51E2E76C000A181F1 /* Sources */ = {
			isa = PBXSourcesBuildPhase;
			buildActionMask = 2147483647;
			files = (
				CB8C93C51E2E76C000A181F1 /* ReuseableSwift3.xcdatamodeld in Sources */,
				CB8C93BF1E2E76C000A181F1 /* ViewController.swift in Sources */,
				CB8C93BD1E2E76C000A181F1 /* AppDelegate.swift in Sources */,
			);
			runOnlyForDeploymentPostprocessing = 0;
		};
		CB8C93CC1E2E76C000A181F1 /* Sources */ = {
			isa = PBXSourcesBuildPhase;
			buildActionMask = 2147483647;
			files = (
				CB8C93D51E2E76C000A181F1 /* ReuseableSwift3Tests.swift in Sources */,
			);
			runOnlyForDeploymentPostprocessing = 0;
		};
		CB8C93D71E2E76C000A181F1 /* Sources */ = {
			isa = PBXSourcesBuildPhase;
			buildActionMask = 2147483647;
			files = (
				CB8C93E01E2E76C000A181F1 /* ReuseableSwift3UITests.swift in Sources */,
			);
			runOnlyForDeploymentPostprocessing = 0;
		};
/* End PBXSourcesBuildPhase section */

/* Begin PBXTargetDependency section */
		CB8C93D21E2E76C000A181F1 /* PBXTargetDependency */ = {
			isa = PBXTargetDependency;
			target = CB8C93B81E2E76C000A181F1 /* ReuseableSwift3 */;
			targetProxy = CB8C93D11E2E76C000A181F1 /* PBXContainerItemProxy */;
		};
		CB8C93DD1E2E76C000A181F1 /* PBXTargetDependency */ = {
			isa = PBXTargetDependency;
			target = CB8C93B81E2E76C000A181F1 /* ReuseableSwift3 */;
			targetProxy = CB8C93DC1E2E76C000A181F1 /* PBXContainerItemProxy */;
		};
/* End PBXTargetDependency section */

/* Begin PBXVariantGroup section */
		CB8C93C01E2E76C000A181F1 /* Main.storyboard */ = {
			isa = PBXVariantGroup;
			children = (
				CB8C93C11E2E76C000A181F1 /* Base */,
			);
			name = Main.storyboard;
			sourceTree = "<group>";
		};
		CB8C93C81E2E76C000A181F1 /* LaunchScreen.storyboard */ = {
			isa = PBXVariantGroup;
			children = (
				CB8C93C91E2E76C000A181F1 /* Base */,
			);
			name = LaunchScreen.storyboard;
			sourceTree = "<group>";
		};
/* End PBXVariantGroup section */

/* Begin XCBuildConfiguration section */
		CB8C93E21E2E76C000A181F1 /* Debug */ = {
			isa = XCBuildConfiguration;
			buildSettings = {
				ALWAYS_SEARCH_USER_PATHS = NO;
				CLANG_ANALYZER_NONNULL = YES;
				CLANG_CXX_LANGUAGE_STANDARD = "gnu++0x";
				CLANG_CXX_LIBRARY = "libc++";
				CLANG_ENABLE_MODULES = YES;
				CLANG_ENABLE_OBJC_ARC = YES;
				CLANG_WARN_BOOL_CONVERSION = YES;
				CLANG_WARN_CONSTANT_CONVERSION = YES;
				CLANG_WARN_DIRECT_OBJC_ISA_USAGE = YES_ERROR;
				CLANG_WARN_DOCUMENTATION_COMMENTS = YES;
				CLANG_WARN_EMPTY_BODY = YES;
				CLANG_WARN_ENUM_CONVERSION = YES;
				CLANG_WARN_INFINITE_RECURSION = YES;
				CLANG_WARN_INT_CONVERSION = YES;
				CLANG_WARN_OBJC_ROOT_CLASS = YES_ERROR;
				CLANG_WARN_SUSPICIOUS_MOVES = YES;
				CLANG_WARN_UNREACHABLE_CODE = YES;
				CLANG_WARN__DUPLICATE_METHOD_MATCH = YES;
				"CODE_SIGN_IDENTITY[sdk=iphoneos*]" = "iPhone Developer";
				COPY_PHASE_STRIP = NO;
				DEBUG_INFORMATION_FORMAT = dwarf;
				ENABLE_STRICT_OBJC_MSGSEND = YES;
				ENABLE_TESTABILITY = YES;
				GCC_C_LANGUAGE_STANDARD = gnu99;
				GCC_DYNAMIC_NO_PIC = NO;
				GCC_NO_COMMON_BLOCKS = YES;
				GCC_OPTIMIZATION_LEVEL = 0;
				GCC_PREPROCESSOR_DEFINITIONS = (
					"DEBUG=1",
					"$(inherited)",
				);
				GCC_WARN_64_TO_32_BIT_CONVERSION = YES;
				GCC_WARN_ABOUT_RETURN_TYPE = YES_ERROR;
				GCC_WARN_UNDECLARED_SELECTOR = YES;
				GCC_WARN_UNINITIALIZED_AUTOS = YES_AGGRESSIVE;
				GCC_WARN_UNUSED_FUNCTION = YES;
				GCC_WARN_UNUSED_VARIABLE = YES;
				IPHONEOS_DEPLOYMENT_TARGET = 10.1;
				MTL_ENABLE_DEBUG_INFO = YES;
				ONLY_ACTIVE_ARCH = YES;
				SDKROOT = iphoneos;
				SWIFT_ACTIVE_COMPILATION_CONDITIONS = DEBUG;
				SWIFT_OPTIMIZATION_LEVEL = "-Onone";
				TARGETED_DEVICE_FAMILY = "1,2";
			};
			name = Debug;
		};
		CB8C93E31E2E76C000A181F1 /* Release */ = {
			isa = XCBuildConfiguration;
			buildSettings = {
				ALWAYS_SEARCH_USER_PATHS = NO;
				CLANG_ANALYZER_NONNULL = YES;
				CLANG_CXX_LANGUAGE_STANDARD = "gnu++0x";
				CLANG_CXX_LIBRARY = "libc++";
				CLANG_ENABLE_MODULES = YES;
				CLANG_ENABLE_OBJC_ARC = YES;
				CLANG_WARN_BOOL_CONVERSION = YES;
				CLANG_WARN_CONSTANT_CONVERSION = YES;
				CLANG_WARN_DIRECT_OBJC_ISA_USAGE = YES_ERROR;
				CLANG_WARN_DOCUMENTATION_COMMENTS = YES;
				CLANG_WARN_EMPTY_BODY = YES;
				CLANG_WARN_ENUM_CONVERSION = YES;
				CLANG_WARN_INFINITE_RECURSION = YES;
				CLANG_WARN_INT_CONVERSION = YES;
				CLANG_WARN_OBJC_ROOT_CLASS = YES_ERROR;
				CLANG_WARN_SUSPICIOUS_MOVES = YES;
				CLANG_WARN_UNREACHABLE_CODE = YES;
				CLANG_WARN__DUPLICATE_METHOD_MATCH = YES;
				"CODE_SIGN_IDENTITY[sdk=iphoneos*]" = "iPhone Developer";
				COPY_PHASE_STRIP = NO;
				DEBUG_INFORMATION_FORMAT = "dwarf-with-dsym";
				ENABLE_NS_ASSERTIONS = NO;
				ENABLE_STRICT_OBJC_MSGSEND = YES;
				GCC_C_LANGUAGE_STANDARD = gnu99;
				GCC_NO_COMMON_BLOCKS = YES;
				GCC_WARN_64_TO_32_BIT_CONVERSION = YES;
				GCC_WARN_ABOUT_RETURN_TYPE = YES_ERROR;
				GCC_WARN_UNDECLARED_SELECTOR = YES;
				GCC_WARN_UNINITIALIZED_AUTOS = YES_AGGRESSIVE;
				GCC_WARN_UNUSED_FUNCTION = YES;
				GCC_WARN_UNUSED_VARIABLE = YES;
				IPHONEOS_DEPLOYMENT_TARGET = 10.1;
				MTL_ENABLE_DEBUG_INFO = NO;
				SDKROOT = iphoneos;
				SWIFT_OPTIMIZATION_LEVEL = "-Owholemodule";
				TARGETED_DEVICE_FAMILY = "1,2";
				VALIDATE_PRODUCT = YES;
			};
			name = Release;
		};
		CB8C93E51E2E76C000A181F1 /* Debug */ = {
			isa = XCBuildConfiguration;
			baseConfigurationReference = DD2AD0DA6F37FA06BC803EDC /* Pods-ReuseableSwift3.debug.xcconfig */;
			buildSettings = {
				ASSETCATALOG_COMPILER_APPICON_NAME = AppIcon;
				DEVELOPMENT_TEAM = J3Q6NXR57K;
				INFOPLIST_FILE = ReuseableSwift3/Info.plist;
				LD_RUNPATH_SEARCH_PATHS = "$(inherited) @executable_path/Frameworks";
				PRODUCT_BUNDLE_IDENTIFIER = ndt.ReuseableSwift3;
				PRODUCT_NAME = "$(TARGET_NAME)";
				SWIFT_VERSION = 3.0;
			};
			name = Debug;
		};
		CB8C93E61E2E76C000A181F1 /* Release */ = {
			isa = XCBuildConfiguration;
			baseConfigurationReference = 66A6318CC3E5C572E1CB2C91 /* Pods-ReuseableSwift3.release.xcconfig */;
			buildSettings = {
				ASSETCATALOG_COMPILER_APPICON_NAME = AppIcon;
				DEVELOPMENT_TEAM = J3Q6NXR57K;
				INFOPLIST_FILE = ReuseableSwift3/Info.plist;
				LD_RUNPATH_SEARCH_PATHS = "$(inherited) @executable_path/Frameworks";
				PRODUCT_BUNDLE_IDENTIFIER = ndt.ReuseableSwift3;
				PRODUCT_NAME = "$(TARGET_NAME)";
				SWIFT_VERSION = 3.0;
			};
			name = Release;
		};
		CB8C93E81E2E76C000A181F1 /* Debug */ = {
			isa = XCBuildConfiguration;
			baseConfigurationReference = 349364557510893A911A8C91 /* Pods-ReuseableSwift3Tests.debug.xcconfig */;
			buildSettings = {
				ALWAYS_EMBED_SWIFT_STANDARD_LIBRARIES = YES;
				BUNDLE_LOADER = "$(TEST_HOST)";
				DEVELOPMENT_TEAM = J3Q6NXR57K;
				INFOPLIST_FILE = ReuseableSwift3Tests/Info.plist;
				LD_RUNPATH_SEARCH_PATHS = "$(inherited) @executable_path/Frameworks @loader_path/Frameworks";
				PRODUCT_BUNDLE_IDENTIFIER = ndt.ReuseableSwift3Tests;
				PRODUCT_NAME = "$(TARGET_NAME)";
				SWIFT_VERSION = 3.0;
				TEST_HOST = "$(BUILT_PRODUCTS_DIR)/ReuseableSwift3.app/ReuseableSwift3";
			};
			name = Debug;
		};
		CB8C93E91E2E76C000A181F1 /* Release */ = {
			isa = XCBuildConfiguration;
			baseConfigurationReference = DD3B793F40AA9B84AFB02BFF /* Pods-ReuseableSwift3Tests.release.xcconfig */;
			buildSettings = {
				ALWAYS_EMBED_SWIFT_STANDARD_LIBRARIES = YES;
				BUNDLE_LOADER = "$(TEST_HOST)";
				DEVELOPMENT_TEAM = J3Q6NXR57K;
				INFOPLIST_FILE = ReuseableSwift3Tests/Info.plist;
				LD_RUNPATH_SEARCH_PATHS = "$(inherited) @executable_path/Frameworks @loader_path/Frameworks";
				PRODUCT_BUNDLE_IDENTIFIER = ndt.ReuseableSwift3Tests;
				PRODUCT_NAME = "$(TARGET_NAME)";
				SWIFT_VERSION = 3.0;
				TEST_HOST = "$(BUILT_PRODUCTS_DIR)/ReuseableSwift3.app/ReuseableSwift3";
			};
			name = Release;
		};
		CB8C93EB1E2E76C000A181F1 /* Debug */ = {
			isa = XCBuildConfiguration;
			baseConfigurationReference = 1F1086E60A8B033820C4F238 /* Pods-ReuseableSwift3UITests.debug.xcconfig */;
			buildSettings = {
				ALWAYS_EMBED_SWIFT_STANDARD_LIBRARIES = YES;
				DEVELOPMENT_TEAM = J3Q6NXR57K;
				INFOPLIST_FILE = ReuseableSwift3UITests/Info.plist;
				LD_RUNPATH_SEARCH_PATHS = "$(inherited) @executable_path/Frameworks @loader_path/Frameworks";
				PRODUCT_BUNDLE_IDENTIFIER = ndt.ReuseableSwift3UITests;
				PRODUCT_NAME = "$(TARGET_NAME)";
				SWIFT_VERSION = 3.0;
				TEST_TARGET_NAME = ReuseableSwift3;
			};
			name = Debug;
		};
		CB8C93EC1E2E76C000A181F1 /* Release */ = {
			isa = XCBuildConfiguration;
			baseConfigurationReference = BA48FDB3373B1F6899BED01B /* Pods-ReuseableSwift3UITests.release.xcconfig */;
			buildSettings = {
				ALWAYS_EMBED_SWIFT_STANDARD_LIBRARIES = YES;
				DEVELOPMENT_TEAM = J3Q6NXR57K;
				INFOPLIST_FILE = ReuseableSwift3UITests/Info.plist;
				LD_RUNPATH_SEARCH_PATHS = "$(inherited) @executable_path/Frameworks @loader_path/Frameworks";
				PRODUCT_BUNDLE_IDENTIFIER = ndt.ReuseableSwift3UITests;
				PRODUCT_NAME = "$(TARGET_NAME)";
				SWIFT_VERSION = 3.0;
				TEST_TARGET_NAME = ReuseableSwift3;
			};
			name = Release;
		};
/* End XCBuildConfiguration section */

/* Begin XCConfigurationList section */
		CB8C93B41E2E76C000A181F1 /* Build configuration list for PBXProject "ReuseableSwift3" */ = {
			isa = XCConfigurationList;
			buildConfigurations = (
				CB8C93E21E2E76C000A181F1 /* Debug */,
				CB8C93E31E2E76C000A181F1 /* Release */,
			);
			defaultConfigurationIsVisible = 0;
			defaultConfigurationName = Release;
		};
		CB8C93E41E2E76C000A181F1 /* Build configuration list for PBXNativeTarget "ReuseableSwift3" */ = {
			isa = XCConfigurationList;
			buildConfigurations = (
				CB8C93E51E2E76C000A181F1 /* Debug */,
				CB8C93E61E2E76C000A181F1 /* Release */,
			);
			defaultConfigurationIsVisible = 0;
		};
		CB8C93E71E2E76C000A181F1 /* Build configuration list for PBXNativeTarget "ReuseableSwift3Tests" */ = {
			isa = XCConfigurationList;
			buildConfigurations = (
				CB8C93E81E2E76C000A181F1 /* Debug */,
				CB8C93E91E2E76C000A181F1 /* Release */,
			);
			defaultConfigurationIsVisible = 0;
		};
		CB8C93EA1E2E76C000A181F1 /* Build configuration list for PBXNativeTarget "ReuseableSwift3UITests" */ = {
			isa = XCConfigurationList;
			buildConfigurations = (
				CB8C93EB1E2E76C000A181F1 /* Debug */,
				CB8C93EC1E2E76C000A181F1 /* Release */,
			);
			defaultConfigurationIsVisible = 0;
		};
/* End XCConfigurationList section */

/* Begin XCVersionGroup section */
		CB8C93C31E2E76C000A181F1 /* ReuseableSwift3.xcdatamodeld */ = {
			isa = XCVersionGroup;
			children = (
				CB8C93C41E2E76C000A181F1 /* ReuseableSwift3.xcdatamodel */,
			);
			currentVersion = CB8C93C41E2E76C000A181F1 /* ReuseableSwift3.xcdatamodel */;
			path = ReuseableSwift3.xcdatamodeld;
			sourceTree = "<group>";
			versionGroupType = wrapper.xcdatamodel;
		};
/* End XCVersionGroup section */
	};
	rootObject = CB8C93B11E2E76C000A181F1 /* Project object */;
}
